// !$*UTF8*$!
{
	archiveVersion = 1;
	classes = {
	};
	objectVersion = 56;
	objects = {

/* Begin PBXBuildFile section */
		4535E301295AB4DC00F14393 /* CrouselView.xib in Resources */ = {isa = PBXBuildFile; fileRef = 4535E300295AB4DC00F14393 /* CrouselView.xib */; };
		4535E303295AB4EF00F14393 /* CrouselView.swift in Sources */ = {isa = PBXBuildFile; fileRef = 4535E302295AB4EF00F14393 /* CrouselView.swift */; };
		459EBF63295972C70080A39E /* AppDelegate.swift in Sources */ = {isa = PBXBuildFile; fileRef = 459EBF62295972C70080A39E /* AppDelegate.swift */; };
		459EBF65295972C70080A39E /* SceneDelegate.swift in Sources */ = {isa = PBXBuildFile; fileRef = 459EBF64295972C70080A39E /* SceneDelegate.swift */; };
		459EBF67295972C70080A39E /* ViewController.swift in Sources */ = {isa = PBXBuildFile; fileRef = 459EBF66295972C70080A39E /* ViewController.swift */; };
		459EBF6A295972C70080A39E /* Main.storyboard in Resources */ = {isa = PBXBuildFile; fileRef = 459EBF68295972C70080A39E /* Main.storyboard */; };
		459EBF6C295972C80080A39E /* Assets.xcassets in Resources */ = {isa = PBXBuildFile; fileRef = 459EBF6B295972C80080A39E /* Assets.xcassets */; };
		459EBF6F295972C80080A39E /* LaunchScreen.storyboard in Resources */ = {isa = PBXBuildFile; fileRef = 459EBF6D295972C80080A39E /* LaunchScreen.storyboard */; };
		459EBF7A2959BA780080A39E /* ViewController2.swift in Sources */ = {isa = PBXBuildFile; fileRef = 459EBF792959BA780080A39E /* ViewController2.swift */; };
		459EBF7C2959BBA60080A39E /* ImageCrouselCell.swift in Sources */ = {isa = PBXBuildFile; fileRef = 459EBF7B2959BBA60080A39E /* ImageCrouselCell.swift */; };
/* End PBXBuildFile section */

/* Begin PBXFileReference section */
		4535E300295AB4DC00F14393 /* CrouselView.xib */ = {isa = PBXFileReference; lastKnownFileType = file.xib; path = CrouselView.xib; sourceTree = "<group>"; };
		4535E302295AB4EF00F14393 /* CrouselView.swift */ = {isa = PBXFileReference; lastKnownFileType = sourcecode.swift; path = CrouselView.swift; sourceTree = "<group>"; };
		459EBF5F295972C70080A39E /* AutoCrousel.app */ = {isa = PBXFileReference; explicitFileType = wrapper.application; includeInIndex = 0; path = AutoCrousel.app; sourceTree = BUILT_PRODUCTS_DIR; };
		459EBF62295972C70080A39E /* AppDelegate.swift */ = {isa = PBXFileReference; lastKnownFileType = sourcecode.swift; path = AppDelegate.swift; sourceTree = "<group>"; };
		459EBF64295972C70080A39E /* SceneDelegate.swift */ = {isa = PBXFileReference; lastKnownFileType = sourcecode.swift; path = SceneDelegate.swift; sourceTree = "<group>"; };
		459EBF66295972C70080A39E /* ViewController.swift */ = {isa = PBXFileReference; lastKnownFileType = sourcecode.swift; path = ViewController.swift; sourceTree = "<group>"; };
		459EBF69295972C70080A39E /* Base */ = {isa = PBXFileReference; lastKnownFileType = file.storyboard; name = Base; path = Base.lproj/Main.storyboard; sourceTree = "<group>"; };
		459EBF6B295972C80080A39E /* Assets.xcassets */ = {isa = PBXFileReference; lastKnownFileType = folder.assetcatalog; path = Assets.xcassets; sourceTree = "<group>"; };
		459EBF6E295972C80080A39E /* Base */ = {isa = PBXFileReference; lastKnownFileType = file.storyboard; name = Base; path = Base.lproj/LaunchScreen.storyboard; sourceTree = "<group>"; };
		459EBF70295972C80080A39E /* Info.plist */ = {isa = PBXFileReference; lastKnownFileType = text.plist.xml; path = Info.plist; sourceTree = "<group>"; };
		459EBF792959BA780080A39E /* ViewController2.swift */ = {isa = PBXFileReference; lastKnownFileType = sourcecode.swift; path = ViewController2.swift; sourceTree = "<group>"; };
		459EBF7B2959BBA60080A39E /* ImageCrouselCell.swift */ = {isa = PBXFileReference; lastKnownFileType = sourcecode.swift; path = ImageCrouselCell.swift; sourceTree = "<group>"; };
/* End PBXFileReference section */

/* Begin PBXFrameworksBuildPhase section */
		459EBF5C295972C70080A39E /* Frameworks */ = {
			isa = PBXFrameworksBuildPhase;
			buildActionMask = 2147483647;
			files = (
			);
			runOnlyForDeploymentPostprocessing = 0;
		};
/* End PBXFrameworksBuildPhase section */

/* Begin PBXGroup section */
		459EBF56295972C70080A39E = {
			isa = PBXGroup;
			children = (
				459EBF61295972C70080A39E /* AutoCrousel */,
				459EBF60295972C70080A39E /* Products */,
			);
			sourceTree = "<group>";
		};
		459EBF60295972C70080A39E /* Products */ = {
			isa = PBXGroup;
			children = (
				459EBF5F295972C70080A39E /* AutoCrousel.app */,
			);
			name = Products;
			sourceTree = "<group>";
		};
		459EBF61295972C70080A39E /* AutoCrousel */ = {
			isa = PBXGroup;
			children = (
				459EBF62295972C70080A39E /* AppDelegate.swift */,
				459EBF64295972C70080A39E /* SceneDelegate.swift */,
				459EBF66295972C70080A39E /* ViewController.swift */,
				459EBF68295972C70080A39E /* Main.storyboard */,
				459EBF6B295972C80080A39E /* Assets.xcassets */,
				459EBF6D295972C80080A39E /* LaunchScreen.storyboard */,
				459EBF70295972C80080A39E /* Info.plist */,
				459EBF792959BA780080A39E /* ViewController2.swift */,
				459EBF7B2959BBA60080A39E /* ImageCrouselCell.swift */,
				4535E300295AB4DC00F14393 /* CrouselView.xib */,
				4535E302295AB4EF00F14393 /* CrouselView.swift */,
			);
			path = AutoCrousel;
			sourceTree = "<group>";
		};
/* End PBXGroup section */

/* Begin PBXNativeTarget section */
		459EBF5E295972C70080A39E /* AutoCrousel */ = {
			isa = PBXNativeTarget;
			buildConfigurationList = 459EBF73295972C80080A39E /* Build configuration list for PBXNativeTarget "AutoCrousel" */;
			buildPhases = (
				459EBF5B295972C70080A39E /* Sources */,
				459EBF5C295972C70080A39E /* Frameworks */,
				459EBF5D295972C70080A39E /* Resources */,
			);
			buildRules = (
			);
			dependencies = (
			);
			name = AutoCrousel;
			productName = AutoCrousel;
			productReference = 459EBF5F295972C70080A39E /* AutoCrousel.app */;
			productType = "com.apple.product-type.application";
		};
/* End PBXNativeTarget section */

/* Begin PBXProject section */
		459EBF57295972C70080A39E /* Project object */ = {
			isa = PBXProject;
			attributes = {
				BuildIndependentTargetsInParallel = 1;
				LastSwiftUpdateCheck = 1420;
				LastUpgradeCheck = 1420;
				TargetAttributes = {
					459EBF5E295972C70080A39E = {
						CreatedOnToolsVersion = 14.2;
					};
				};
			};
			buildConfigurationList = 459EBF5A295972C70080A39E /* Build configuration list for PBXProject "AutoCrousel" */;
			compatibilityVersion = "Xcode 14.0";
			developmentRegion = en;
			hasScannedForEncodings = 0;
			knownRegions = (
				en,
				Base,
			);
			mainGroup = 459EBF56295972C70080A39E;
			productRefGroup = 459EBF60295972C70080A39E /* Products */;
			projectDirPath = "";
			projectRoot = "";
			targets = (
				459EBF5E295972C70080A39E /* AutoCrousel */,
			);
		};
/* End PBXProject section */

/* Begin PBXResourcesBuildPhase section */
		459EBF5D295972C70080A39E /* Resources */ = {
			isa = PBXResourcesBuildPhase;
			buildActionMask = 2147483647;
			files = (
				4535E301295AB4DC00F14393 /* CrouselView.xib in Resources */,
				459EBF6F295972C80080A39E /* LaunchScreen.storyboard in Resources */,
				459EBF6C295972C80080A39E /* Assets.xcassets in Resources */,
				459EBF6A295972C70080A39E /* Main.storyboard in Resources */,
			);
			runOnlyForDeploymentPostprocessing = 0;
		};
/* End PBXResourcesBuildPhase section */

/* Begin PBXSourcesBuildPhase section */
		459EBF5B295972C70080A39E /* Sources */ = {
			isa = PBXSourcesBuildPhase;
			buildActionMask = 2147483647;
			files = (
				4535E303295AB4EF00F14393 /* CrouselView.swift in Sources */,
				459EBF67295972C70080A39E /* ViewController.swift in Sources */,
				459EBF7A2959BA780080A39E /* ViewController2.swift in Sources */,
				459EBF63295972C70080A39E /* AppDelegate.swift in Sources */,
				459EBF7C2959BBA60080A39E /* ImageCrouselCell.swift in Sources */,
				459EBF65295972C70080A39E /* SceneDelegate.swift in Sources */,
			);
			runOnlyForDeploymentPostprocessing = 0;
		};
/* End PBXSourcesBuildPhase section */

/* Begin PBXVariantGroup section */
		459EBF68295972C70080A39E /* Main.storyboard */ = {
			isa = PBXVariantGroup;
			children = (
				459EBF69295972C70080A39E /* Base */,
			);
			name = Main.storyboard;
			sourceTree = "<group>";
		};
		459EBF6D295972C80080A39E /* LaunchScreen.storyboard */ = {
			isa = PBXVariantGroup;
			children = (
				459EBF6E295972C80080A39E /* Base */,
			);
			name = LaunchScreen.storyboard;
			sourceTree = "<group>";
		};
/* End PBXVariantGroup section */

/* Begin XCBuildConfiguration section */
		459EBF71295972C80080A39E /* Debug */ = {
			isa = XCBuildConfiguration;
			buildSettings = {
				ALWAYS_SEARCH_USER_PATHS = NO;
				CLANG_ANALYZER_NONNULL = YES;
				CLANG_ANALYZER_NUMBER_OBJECT_CONVERSION = YES_AGGRESSIVE;
				CLANG_CXX_LANGUAGE_STANDARD = "gnu++20";
				CLANG_ENABLE_MODULES = YES;
				CLANG_ENABLE_OBJC_ARC = YES;
				CLANG_ENABLE_OBJC_WEAK = YES;
				CLANG_WARN_BLOCK_CAPTURE_AUTORELEASING = YES;
				CLANG_WARN_BOOL_CONVERSION = YES;
				CLANG_WARN_COMMA = YES;
				CLANG_WARN_CONSTANT_CONVERSION = YES;
				CLANG_WARN_DEPRECATED_OBJC_IMPLEMENTATIONS = YES;
				CLANG_WARN_DIRECT_OBJC_ISA_USAGE = YES_ERROR;
				CLANG_WARN_DOCUMENTATION_COMMENTS = YES;
				CLANG_WARN_EMPTY_BODY = YES;
				CLANG_WARN_ENUM_CONVERSION = YES;
				CLANG_WARN_INFINITE_RECURSION = YES;
				CLANG_WARN_INT_CONVERSION = YES;
				CLANG_WARN_NON_LITERAL_NULL_CONVERSION = YES;
				CLANG_WARN_OBJC_IMPLICIT_RETAIN_SELF = YES;
				CLANG_WARN_OBJC_LITERAL_CONVERSION = YES;
				CLANG_WARN_OBJC_ROOT_CLASS = YES_ERROR;
				CLANG_WARN_QUOTED_INCLUDE_IN_FRAMEWORK_HEADER = YES;
				CLANG_WARN_RANGE_LOOP_ANALYSIS = YES;
				CLANG_WARN_STRICT_PROTOTYPES = YES;
				CLANG_WARN_SUSPICIOUS_MOVE = YES;
				CLANG_WARN_UNGUARDED_AVAILABILITY = YES_AGGRESSIVE;
				CLANG_WARN_UNREACHABLE_CODE = YES;
				CLANG_WARN__DUPLICATE_METHOD_MATCH = YES;
				COPY_PHASE_STRIP = NO;
				DEBUG_INFORMATION_FORMAT = dwarf;
				ENABLE_STRICT_OBJC_MSGSEND = YES;
				ENABLE_TESTABILITY = YES;
				GCC_C_LANGUAGE_STANDARD = gnu11;
				GCC_DYNAMIC_NO_PIC = NO;
				GCC_NO_COMMON_BLOCKS = YES;
				GCC_OPTIMIZATION_LEVEL = 0;
				GCC_PREPROCESSOR_DEFINITIONS = (
					"DEBUG=1",
					"$(inherited)",
				);
				GCC_WARN_64_TO_32_BIT_CONVERSION = YES;
				GCC_WARN_ABOUT_RETURN_TYPE = YES_ERROR;
				GCC_WARN_UNDECLARED_SELECTOR = YES;
				GCC_WARN_UNINITIALIZED_AUTOS = YES_AGGRESSIVE;
				GCC_WARN_UNUSED_FUNCTION = YES;
				GCC_WARN_UNUSED_VARIABLE = YES;
				IPHONEOS_DEPLOYMENT_TARGET = 16.2;
				MTL_ENABLE_DEBUG_INFO = INCLUDE_SOURCE;
				MTL_FAST_MATH = YES;
				ONLY_ACTIVE_ARCH = YES;
				SDKROOT = iphoneos;
				SWIFT_ACTIVE_COMPILATION_CONDITIONS = DEBUG;
				SWIFT_OPTIMIZATION_LEVEL = "-Onone";
			};
			name = Debug;
		};
		459EBF72295972C80080A39E /* Release */ = {
			isa = XCBuildConfiguration;
			buildSettings = {
				ALWAYS_SEARCH_USER_PATHS = NO;
				CLANG_ANALYZER_NONNULL = YES;
				CLANG_ANALYZER_NUMBER_OBJECT_CONVERSION = YES_AGGRESSIVE;
				CLANG_CXX_LANGUAGE_STANDARD = "gnu++20";
				CLANG_ENABLE_MODULES = YES;
				CLANG_ENABLE_OBJC_ARC = YES;
				CLANG_ENABLE_OBJC_WEAK = YES;
				CLANG_WARN_BLOCK_CAPTURE_AUTORELEASING = YES;
				CLANG_WARN_BOOL_CONVERSION = YES;
				CLANG_WARN_COMMA = YES;
				CLANG_WARN_CONSTANT_CONVERSION = YES;
				CLANG_WARN_DEPRECATED_OBJC_IMPLEMENTATIONS = YES;
				CLANG_WARN_DIRECT_OBJC_ISA_USAGE = YES_ERROR;
				CLANG_WARN_DOCUMENTATION_COMMENTS = YES;
				CLANG_WARN_EMPTY_BODY = YES;
				CLANG_WARN_ENUM_CONVERSION = YES;
				CLANG_WARN_INFINITE_RECURSION = YES;
				CLANG_WARN_INT_CONVERSION = YES;
				CLANG_WARN_NON_LITERAL_NULL_CONVERSION = YES;
				CLANG_WARN_OBJC_IMPLICIT_RETAIN_SELF = YES;
				CLANG_WARN_OBJC_LITERAL_CONVERSION = YES;
				CLANG_WARN_OBJC_ROOT_CLASS = YES_ERROR;
				CLANG_WARN_QUOTED_INCLUDE_IN_FRAMEWORK_HEADER = YES;
				CLANG_WARN_RANGE_LOOP_ANALYSIS = YES;
				CLANG_WARN_STRICT_PROTOTYPES = YES;
				CLANG_WARN_SUSPICIOUS_MOVE = YES;
				CLANG_WARN_UNGUARDED_AVAILABILITY = YES_AGGRESSIVE;
				CLANG_WARN_UNREACHABLE_CODE = YES;
				CLANG_WARN__DUPLICATE_METHOD_MATCH = YES;
				COPY_PHASE_STRIP = NO;
				DEBUG_INFORMATION_FORMAT = "dwarf-with-dsym";
				ENABLE_NS_ASSERTIONS = NO;
				ENABLE_STRICT_OBJC_MSGSEND = YES;
				GCC_C_LANGUAGE_STANDARD = gnu11;
				GCC_NO_COMMON_BLOCKS = YES;
				GCC_WARN_64_TO_32_BIT_CONVERSION = YES;
				GCC_WARN_ABOUT_RETURN_TYPE = YES_ERROR;
				GCC_WARN_UNDECLARED_SELECTOR = YES;
				GCC_WARN_UNINITIALIZED_AUTOS = YES_AGGRESSIVE;
				GCC_WARN_UNUSED_FUNCTION = YES;
				GCC_WARN_UNUSED_VARIABLE = YES;
				IPHONEOS_DEPLOYMENT_TARGET = 16.2;
				MTL_ENABLE_DEBUG_INFO = NO;
				MTL_FAST_MATH = YES;
				SDKROOT = iphoneos;
				SWIFT_COMPILATION_MODE = wholemodule;
				SWIFT_OPTIMIZATION_LEVEL = "-O";
				VALIDATE_PRODUCT = YES;
			};
			name = Release;
		};
		459EBF74295972C80080A39E /* Debug */ = {
			isa = XCBuildConfiguration;
			buildSettings = {
				ASSETCATALOG_COMPILER_APPICON_NAME = AppIcon;
				ASSETCATALOG_COMPILER_GLOBAL_ACCENT_COLOR_NAME = AccentColor;
				CODE_SIGN_STYLE = Automatic;
				CURRENT_PROJECT_VERSION = 1;
				GENERATE_INFOPLIST_FILE = YES;
				INFOPLIST_FILE = AutoCrousel/Info.plist;
				INFOPLIST_KEY_UIApplicationSupportsIndirectInputEvents = YES;
				INFOPLIST_KEY_UILaunchStoryboardName = LaunchScreen;
				INFOPLIST_KEY_UIMainStoryboardFile = Main;
				INFOPLIST_KEY_UISupportedInterfaceOrientations_iPad = "UIInterfaceOrientationPortrait UIInterfaceOrientationPortraitUpsideDown UIInterfaceOrientationLandscapeLeft UIInterfaceOrientationLandscapeRight";
				INFOPLIST_KEY_UISupportedInterfaceOrientations_iPhone = "UIInterfaceOrientationPortrait UIInterfaceOrientationLandscapeLeft UIInterfaceOrientationLandscapeRight";
				LD_RUNPATH_SEARCH_PATHS = (
					"$(inherited)",
					"@executable_path/Frameworks",
				);
				MARKETING_VERSION = 1.0;
				PRODUCT_BUNDLE_IDENTIFIER = test.AutoCrousel;
				PRODUCT_NAME = "$(TARGET_NAME)";
				SWIFT_EMIT_LOC_STRINGS = YES;
				SWIFT_VERSION = 5.0;
				TARGETED_DEVICE_FAMILY = "1,2";
			};
			name = Debug;
		};
		459EBF75295972C80080A39E /* Release */ = {
			isa = XCBuildConfiguration;
			buildSettings = {
				ASSETCATALOG_COMPILER_APPICON_NAME = AppIcon;
				ASSETCATALOG_COMPILER_GLOBAL_ACCENT_COLOR_NAME = AccentColor;
				CODE_SIGN_STYLE = Automatic;
				CURRENT_PROJECT_VERSION = 1;
				GENERATE_INFOPLIST_FILE = YES;
				INFOPLIST_FILE = AutoCrousel/Info.plist;
				INFOPLIST_KEY_UIApplicationSupportsIndirectInputEvents = YES;
				INFOPLIST_KEY_UILaunchStoryboardName = LaunchScreen;
				INFOPLIST_KEY_UIMainStoryboardFile = Main;
				INFOPLIST_KEY_UISupportedInterfaceOrientations_iPad = "UIInterfaceOrientationPortrait UIInterfaceOrientationPortraitUpsideDown UIInterfaceOrientationLandscapeLeft UIInterfaceOrientationLandscapeRight";
				INFOPLIST_KEY_UISupportedInterfaceOrientations_iPhone = "UIInterfaceOrientationPortrait UIInterfaceOrientationLandscapeLeft UIInterfaceOrientationLandscapeRight";
				LD_RUNPATH_SEARCH_PATHS = (
					"$(inherited)",
					"@executable_path/Frameworks",
				);
				MARKETING_VERSION = 1.0;
				PRODUCT_BUNDLE_IDENTIFIER = test.AutoCrousel;
				PRODUCT_NAME = "$(TARGET_NAME)";
				SWIFT_EMIT_LOC_STRINGS = YES;
				SWIFT_VERSION = 5.0;
				TARGETED_DEVICE_FAMILY = "1,2";
			};
			name = Release;
		};
/* End XCBuildConfiguration section */

/* Begin XCConfigurationList section */
		459EBF5A295972C70080A39E /* Build configuration list for PBXProject "AutoCrousel" */ = {
			isa = XCConfigurationList;
			buildConfigurations = (
				459EBF71295972C80080A39E /* Debug */,
				459EBF72295972C80080A39E /* Release */,
			);
			defaultConfigurationIsVisible = 0;
			defaultConfigurationName = Release;
		};
		459EBF73295972C80080A39E /* Build configuration list for PBXNativeTarget "AutoCrousel" */ = {
			isa = XCConfigurationList;
			buildConfigurations = (
				459EBF74295972C80080A39E /* Debug */,
				459EBF75295972C80080A39E /* Release */,
			);
			defaultConfigurationIsVisible = 0;
			defaultConfigurationName = Release;
		};
/* End XCConfigurationList section */
	};
	rootObject = 459EBF57295972C70080A39E /* Project object */;
}
